
Microsoft Visual Studio Solution File, Format Version 12.00
# Visual Studio Version 17
VisualStudioVersion = 17.4.33213.308
MinimumVisualStudioVersion = 10.0.40219.1
Project("{9A19103F-16F7-4668-BE54-9A1E7A4F7556}") = "RawStringLiterals", "RawStringLiterals\RawStringLiterals.csproj", "{BF2FE97D-FD7A-4E26-BEAF-FC6DBE7DD151}"
EndProject
Project("{FAE04EC0-301F-11D3-BF4B-00C04F79EFBC}") = "Utf8StringLiterals", "Utf8StringLiterals\Utf8StringLiterals.csproj", "{21121A53-48A4-48AB-BA5B-B41F3EC01A2D}"
EndProject
Project("{FAE04EC0-301F-11D3-BF4B-00C04F79EFBC}") = "StringInterpolationNewline", "StringInterpolationNewline\StringInterpolationNewline.csproj", "{B70CD434-9353-47E0-A9CC-DD83611BFCE4}"
EndProject
Global
	GlobalSection(SolutionConfigurationPlatforms) = preSolution
		Debug|Any CPU = Debug|Any CPU
		Release|Any CPU = Release|Any CPU
	EndGlobalSection
	GlobalSection(ProjectConfigurationPlatforms) = postSolution
		{BF2FE97D-FD7A-4E26-BEAF-FC6DBE7DD151}.Debug|Any CPU.ActiveCfg = Debug|Any CPU
		{BF2FE97D-FD7A-4E26-BEAF-FC6DBE7DD151}.Debug|Any CPU.Build.0 = Debug|Any CPU
		{BF2FE97D-FD7A-4E26-BEAF-FC6DBE7DD151}.Release|Any CPU.ActiveCfg = Release|Any CPU
		{BF2FE97D-FD7A-4E26-BEAF-FC6DBE7DD151}.Release|Any CPU.Build.0 = Release|Any CPU
		{21121A53-48A4-48AB-BA5B-B41F3EC01A2D}.Debug|Any CPU.ActiveCfg = Debug|Any CPU
		{21121A53-48A4-48AB-BA5B-B41F3EC01A2D}.Debug|Any CPU.Build.0 = Debug|Any CPU
		{21121A53-48A4-48AB-BA5B-B41F3EC01A2D}.Release|Any CPU.ActiveCfg = Release|Any CPU
		{21121A53-48A4-48AB-BA5B-B41F3EC01A2D}.Release|Any CPU.Build.0 = Release|Any CPU
		{B70CD434-9353-47E0-A9CC-DD83611BFCE4}.Debug|Any CPU.ActiveCfg = Debug|Any CPU
		{B70CD434-9353-47E0-A9CC-DD83611BFCE4}.Debug|Any CPU.Build.0 = Debug|Any CPU
		{B70CD434-9353-47E0-A9CC-DD83611BFCE4}.Release|Any CPU.ActiveCfg = Release|Any CPU
		{B70CD434-9353-47E0-A9CC-DD83611BFCE4}.Release|Any CPU.Build.0 = Release|Any CPU
	EndGlobalSection
	GlobalSection(SolutionProperties) = preSolution
		HideSolutionNode = FALSE
	EndGlobalSection
	GlobalSection(ExtensibilityGlobals) = postSolution
		SolutionGuid = {E9272FD2-0A25-4AEB-9EFC-016383B3AF0C}
	EndGlobalSection
EndGlobal
